
Microsoft Visual Studio Solution File, Format Version 12.00
# Visual Studio Version 17
VisualStudioVersion = 17.0.32126.317
MinimumVisualStudioVersion = 10.0.40219.1
Project("{9A19103F-16F7-4668-BE54-9A1E7A4F7556}") = "CustomVision", "CustomVision\CustomVision.csproj", "{F4B8299D-B412-4F90-AFEA-790B215FCB56}"
EndProject
Project("{FAE04EC0-301F-11D3-BF4B-00C04F79EFBC}") = "CustomVisionDemo", "CustomVisionDemo\CustomVisionDemo.csproj", "{1129AA78-A989-4262-BDCE-8F83F14F2153}"
EndProject
Global
	GlobalSection(SolutionConfigurationPlatforms) = preSolution
		Debug|Any CPU = Debug|Any CPU
		Release|Any CPU = Release|Any CPU
	EndGlobalSection
	GlobalSection(ProjectConfigurationPlatforms) = postSolution
		{F4B8299D-B412-4F90-AFEA-790B215FCB56}.Debug|Any CPU.ActiveCfg = Debug|Any CPU
		{F4B8299D-B412-4F90-AFEA-790B215FCB56}.Debug|Any CPU.Build.0 = Debug|Any CPU
		{F4B8299D-B412-4F90-AFEA-790B215FCB56}.Release|Any CPU.ActiveCfg = Release|Any CPU
		{F4B8299D-B412-4F90-AFEA-790B215FCB56}.Release|Any CPU.Build.0 = Release|Any CPU
		{1129AA78-A989-4262-BDCE-8F83F14F2153}.Debug|Any CPU.ActiveCfg = Debug|Any CPU
		{1129AA78-A989-4262-BDCE-8F83F14F2153}.Debug|Any CPU.Build.0 = Debug|Any CPU
		{1129AA78-A989-4262-BDCE-8F83F14F2153}.Release|Any CPU.ActiveCfg = Release|Any CPU
		{1129AA78-A989-4262-BDCE-8F83F14F2153}.Release|Any CPU.Build.0 = Release|Any CPU
	EndGlobalSection
	GlobalSection(SolutionProperties) = preSolution
		HideSolutionNode = FALSE
	EndGlobalSection
	GlobalSection(ExtensibilityGlobals) = postSolution
		SolutionGuid = {2B6FC71F-402B-4E0E-8BE7-001B34339BD9}
	EndGlobalSection
EndGlobal
